
Microsoft Visual Studio Solution File, Format Version 12.00
# Visual Studio Version 17
VisualStudioVersion = 17.5.002.0
MinimumVisualStudioVersion = 10.0.40219.1
Project("{9A19103F-16F7-4668-BE54-9A1E7A4F7556}") = "DecimalToBase", "DecimalToBase.csproj", "{090ABE1B-9693-47EE-AC0B-8EF5DA1E4E6F}"
EndProject
Global
	GlobalSection(SolutionConfigurationPlatforms) = preSolution
		Debug|Any CPU = Debug|Any CPU
		Release|Any CPU = Release|Any CPU
	EndGlobalSection
	GlobalSection(ProjectConfigurationPlatforms) = postSolution
		{090ABE1B-9693-47EE-AC0B-8EF5DA1E4E6F}.Debug|Any CPU.ActiveCfg = Debug|Any CPU
		{090ABE1B-9693-47EE-AC0B-8EF5DA1E4E6F}.Debug|Any CPU.Build.0 = Debug|Any CPU
		{090ABE1B-9693-47EE-AC0B-8EF5DA1E4E6F}.Release|Any CPU.ActiveCfg = Release|Any CPU
		{090ABE1B-9693-47EE-AC0B-8EF5DA1E4E6F}.Release|Any CPU.Build.0 = Release|Any CPU
	EndGlobalSection
	GlobalSection(SolutionProperties) = preSolution
		HideSolutionNode = FALSE
	EndGlobalSection
	GlobalSection(ExtensibilityGlobals) = postSolution
		SolutionGuid = {F68CDD68-D363-4DDC-A274-E280FD8B33A6}
	EndGlobalSection
EndGlobal
