
Microsoft Visual Studio Solution File, Format Version 12.00
# Visual Studio Version 17
VisualStudioVersion = 17.5.002.0
MinimumVisualStudioVersion = 10.0.40219.1
Project("{9A19103F-16F7-4668-BE54-9A1E7A4F7556}") = "WithCsharp", "WithCsharp.csproj", "{CBB0DC05-AB77-4672-BB3E-8B455D0718B4}"
EndProject
Global
	GlobalSection(SolutionConfigurationPlatforms) = preSolution
		Debug|Any CPU = Debug|Any CPU
		Release|Any CPU = Release|Any CPU
	EndGlobalSection
	GlobalSection(ProjectConfigurationPlatforms) = postSolution
		{CBB0DC05-AB77-4672-BB3E-8B455D0718B4}.Debug|Any CPU.ActiveCfg = Debug|Any CPU
		{CBB0DC05-AB77-4672-BB3E-8B455D0718B4}.Debug|Any CPU.Build.0 = Debug|Any CPU
		{CBB0DC05-AB77-4672-BB3E-8B455D0718B4}.Release|Any CPU.ActiveCfg = Release|Any CPU
		{CBB0DC05-AB77-4672-BB3E-8B455D0718B4}.Release|Any CPU.Build.0 = Release|Any CPU
	EndGlobalSection
	GlobalSection(SolutionProperties) = preSolution
		HideSolutionNode = FALSE
	EndGlobalSection
	GlobalSection(ExtensibilityGlobals) = postSolution
		SolutionGuid = {63CDB9B0-C626-4B8C-9F76-F18B25C1BCDC}
	EndGlobalSection
EndGlobal
